
Microsoft Visual Studio Solution File, Format Version 12.00
# Visual Studio Version 17
VisualStudioVersion = 17.11.35327.3
MinimumVisualStudioVersion = 10.0.40219.1
Project("{9A19103F-16F7-4668-BE54-9A1E7A4F7556}") = "Tracker", "Tracker\Tracker.csproj", "{826FB223-10F1-42C3-B558-15C0AC72535B}"
EndProject
Project("{D954291E-2A0B-460D-934E-DC6B0785DB48}") = "Themes", "Themes\Themes.shproj", "{16AA9271-CA68-43C0-811B-09550E298495}"
EndProject
Global
	GlobalSection(SolutionConfigurationPlatforms) = preSolution
		Debug|Any CPU = Debug|Any CPU
		Release|Any CPU = Release|Any CPU
	EndGlobalSection
	GlobalSection(ProjectConfigurationPlatforms) = postSolution
		{826FB223-10F1-42C3-B558-15C0AC72535B}.Debug|Any CPU.ActiveCfg = Debug|Any CPU
		{826FB223-10F1-42C3-B558-15C0AC72535B}.Debug|Any CPU.Build.0 = Debug|Any CPU
		{826FB223-10F1-42C3-B558-15C0AC72535B}.Release|Any CPU.ActiveCfg = Release|Any CPU
		{826FB223-10F1-42C3-B558-15C0AC72535B}.Release|Any CPU.Build.0 = Release|Any CPU
	EndGlobalSection
	GlobalSection(SolutionProperties) = preSolution
		HideSolutionNode = FALSE
	EndGlobalSection
	GlobalSection(ExtensibilityGlobals) = postSolution
		SolutionGuid = {3BE929B1-4B0F-44F0-BA0B-BEF6FC41FF11}
	EndGlobalSection
	GlobalSection(SharedMSBuildProjectFiles) = preSolution
		Themes\Themes.projitems*{16aa9271-ca68-43c0-811b-09550e298495}*SharedItemsImports = 13
	EndGlobalSection
EndGlobal
